{
  "name": "miniprogram",
  "version": "1.0.0",
  "lockfileVersion": 1,
  "requires": true,
  "dependencies": {
    "@miniprogram-component-plus/col": {
      "version": "1.0.0",
      "resolved": "https://registry.npmjs.org/@miniprogram-component-plus/col/-/col-1.0.0.tgz",
      "integrity": "sha512-XezIowr/9YYqp8/cGSAzJUZCXsjSXFMGkpFZfg4pmD//m+9vwln5l7B0zQHQwhWlrpk0L4w+9DRIZ6/tFBQADA=="
    },
    "@miniprogram-component-plus/emoji": {
      "version": "1.0.1",
      "resolved": "https://registry.npmjs.org/@miniprogram-component-plus/emoji/-/emoji-1.0.1.tgz",
      "integrity": "sha512-HOlW9YCEfUL/vriChKnHpXuoWrEIDjg/aF3CtMCNmIYHAtE8wGIZJ/ORlQEnG/oUunkOl20+mla+BYy1QUfeQw=="
    },
    "@miniprogram-component-plus/index-list": {
      "version": "1.0.0",
      "resolved": "https://registry.npmjs.org/@miniprogram-component-plus/index-list/-/index-list-1.0.0.tgz",
      "integrity": "sha512-f7gRSTKnh+zNYuX68wIaPA7Ahk/NlPziP7GJ4A+z363MtqFrXUcPpuGT7qGpgCpF7aQIHtCJjg44RGxxUtbh3A=="
    },
    "@miniprogram-component-plus/row": {
      "version": "1.0.0",
      "resolved": "https://registry.npmjs.org/@miniprogram-component-plus/row/-/row-1.0.0.tgz",
      "integrity": "sha512-ibXgq4nxtybQk2vhIps/0PCbkvuAah4f4DZT5srD6kzixyx8PpBWR+Xyr8sjjqbK3V3Nc24tkqMp27rbd9/d5w=="
    },
    "@miniprogram-component-plus/select-text": {
      "version": "1.0.1",
      "resolved": "https://registry.npmjs.org/@miniprogram-component-plus/select-text/-/select-text-1.0.1.tgz",
      "integrity": "sha512-aJaDeqy3eSbi1Rc/EDU+2PomFf3PuCsQviXaoJqo7ms7GUlFBpBg4BeL+TmtaLkieNVB/v29CjEPaMGKAEW17g=="
    },
    "@miniprogram-component-plus/sticky": {
      "version": "1.0.1",
      "resolved": "https://registry.npmjs.org/@miniprogram-component-plus/sticky/-/sticky-1.0.1.tgz",
      "integrity": "sha512-HYZ/PCm8KjUSQYwMLG61bhHBKU8s9aDx5Tl2BvruAku8bvEbyd8A3Povpb9V6lPPvsD/oXp2R7/GmgsCgDuI4g=="
    },
    "@miniprogram-component-plus/tabs": {
      "version": "1.0.0",
      "resolved": "https://registry.npmjs.org/@miniprogram-component-plus/tabs/-/tabs-1.0.0.tgz",
      "integrity": "sha512-oV9dFpIoYAz0IbDECS9toS1GHivWoAd1cchxeZKCBV3PoPCEipHOeXQS3K2USr7EY8LDyfg3f0tDAacPfagYjg=="
    },
    "@miniprogram-component-plus/video-swiper": {
      "version": "1.0.1",
      "resolved": "https://registry.npmjs.org/@miniprogram-component-plus/video-swiper/-/video-swiper-1.0.1.tgz",
      "integrity": "sha512-1rlmsS3/TR0Zu0nZHwEwb9UCQWY/ofPv73zU56FLfZh72Xw+BcIzfohrDxrGs5QpoL4KCLl9G7UB5w+3ZRSZzQ=="
    },
    "@miniprogram-component-plus/vtabs": {
      "version": "1.0.0",
      "resolved": "https://registry.npmjs.org/@miniprogram-component-plus/vtabs/-/vtabs-1.0.0.tgz",
      "integrity": "sha512-xDGrJwRbcpxd92rpQ0bbesBd2TKR6RGX1kJjuC6jlN4nRr28MTBhSPQEWfof2COms0xrLTa4WzU1QL+C2KH59w=="
    },
    "@miniprogram-component-plus/vtabs-content": {
      "version": "1.0.0",
      "resolved": "https://registry.npmjs.org/@miniprogram-component-plus/vtabs-content/-/vtabs-content-1.0.0.tgz",
      "integrity": "sha512-/DGQjL1W1X7IMfOlB1ILfMZqyvhHHlrUsQ2liuVMZCwn46z5fTTQHcFWZKYZONaxKjTO3AecjRypKF0/k2s9aQ=="
    },
    "eventemitter3": {
      "version": "4.0.4",
      "resolved": "https://registry.npmjs.org/eventemitter3/-/eventemitter3-4.0.4.tgz",
      "integrity": "sha512-rlaVLnVxtxvoyLsQQFBx53YmXHDxRIzzTLbdfxqi4yocpSjAxXwkU0cScM5JgSKMqEhrZpnvQ2D9gjylR0AimQ=="
    },
    "miniprogram-barrage": {
      "version": "1.1.0",
      "resolved": "https://registry.npmjs.org/miniprogram-barrage/-/miniprogram-barrage-1.1.0.tgz",
      "integrity": "sha512-jcPWb4UhCfYv+Ad8QHCwk7CNiSQg8S2QCx21d/TuMK9TxJ8z2sBQQcFsOOT3V3wj17Vxhe+rdaSBGPfxceluLA=="
    },
    "miniprogram-recycle-view": {
      "version": "0.1.5",
      "resolved": "https://registry.npmjs.org/miniprogram-recycle-view/-/miniprogram-recycle-view-0.1.5.tgz",
      "integrity": "sha512-Pfm/u+jfg+b5zDhjXqm7QbR9IuViqX8JyzcHDgr6Zw9wSK0wmbXNzscA1WoSnGP5Z2nG2TIqtiNXvEbvsyrxXA=="
    },
    "widget-ui": {
      "version": "1.0.2",
      "resolved": "https://registry.npmjs.org/widget-ui/-/widget-ui-1.0.2.tgz",
      "integrity": "sha512-gDXosr5mflJdMA1weU1A47aTsTFfMJhfA4EKgO5XFebY3eVklf80KD4GODfrjo8J2WQ+9YjL1Rd9UUmKIzhShw==",
      "requires": {
        "eventemitter3": "^4.0.0"
      }
    },
    "wxml-to-canvas": {
      "version": "1.1.1",
      "resolved": "https://registry.npmjs.org/wxml-to-canvas/-/wxml-to-canvas-1.1.1.tgz",
      "integrity": "sha512-3mDjHzujY/UgdCOXij/MnmwJYerVjwkyQHMBFBE8zh89DK7h7UTzoydWFqEBjIC0rfZM+AXl5kDh9hUcsNpSmg==",
      "requires": {
        "widget-ui": "^1.0.2"
      }
    }
  }
}
